{
  "name": "dgramx",
  "version": "0.3.0",
  "lockfileVersion": 1,
  "requires": true,
  "dependencies": {
    "@types/node": {
      "version": "10.9.2",
      "resolved": "https://registry.npmjs.org/@types/node/-/node-10.9.2.tgz",
      "integrity": "sha512-pwZnkVyCGJ3LsQ0/3flQK5lCFao4esIzwUVzzk5NvL9vnkEyDhNf4fhHzUMHvyr56gNZywWTS2MR0euabMSz4A==",
      "dev": true
    },
    "bsp": {
      "version": "0.2.0",
      "resolved": "https://registry.npmjs.org/bsp/-/bsp-0.2.0.tgz",
      "integrity": "sha512-IJ5V66HsmT05Y/ABPMg6W9/P6rWfsEgDYidf9rLzFw67PQsUZ0tOIVPU32kehNTppwnxfohBtRtaQue+TPuMcA==",
      "requires": {
        "buffer-split": "^1.0.0",
        "to-buffer": "^1.1.1"
      }
    },
    "buffer-indexof": {
      "version": "0.0.2",
      "resolved": "https://registry.npmjs.org/buffer-indexof/-/buffer-indexof-0.0.2.tgz",
      "integrity": "sha1-7Q82t64WamanzRdMBGeuje3wCPU="
    },
    "buffer-split": {
      "version": "1.0.0",
      "resolved": "https://registry.npmjs.org/buffer-split/-/buffer-split-1.0.0.tgz",
      "integrity": "sha1-RCfb/1NzG2HXpxq6R/UDOWYTeEo=",
      "requires": {
        "buffer-indexof": "~0.0.0"
      }
    },
    "to-buffer": {
      "version": "1.1.1",
      "resolved": "https://registry.npmjs.org/to-buffer/-/to-buffer-1.1.1.tgz",
      "integrity": "sha512-lx9B5iv7msuFYE3dytT+KE5tap+rNYw+K4jVkb9R/asAb+pbBSM17jtunHplhBe6RRJdZx3Pn2Jph24O32mOVg=="
    },
    "tslib": {
      "version": "1.9.3",
      "resolved": "https://registry.npmjs.org/tslib/-/tslib-1.9.3.tgz",
      "integrity": "sha512-4krF8scpejhaOgqzBEcGM7yDIEfi0/8+8zDRZhNZZ2kjmHJ4hv3zCbQWxoJGz1iw5U0Jl0nma13xzHXcncMavQ=="
    }
  }
}
