{
  "name": "dgramx",
  "version": "1.0.0",
  "lockfileVersion": 1,
  "requires": true,
  "dependencies": {
    "@types/node": {
      "version": "12.7.5",
      "resolved": "https://registry.npmjs.org/@types/node/-/node-12.7.5.tgz",
      "integrity": "sha512-9fq4jZVhPNW8r+UYKnxF1e2HkDWOWKM5bC2/7c9wPV835I0aOrVbS/Hw/pWPk2uKrNXQqg9Z959Kz+IYDd5p3w==",
      "dev": true
    },
    "bsp": {
      "version": "1.0.0",
      "resolved": "https://registry.npmjs.org/bsp/-/bsp-1.0.0.tgz",
      "integrity": "sha512-l8RcgljTAhMcEuWO6QDqcXIDaxXGut9AbOp7keCzrVjI3PtlfaeAZnW9nzLbWU0RCdG0+xjfBsuk954guH0tvg==",
      "requires": {
        "sprintf-js": "^1.1.2"
      }
    },
    "sprintf-js": {
      "version": "1.1.2",
      "resolved": "https://registry.npmjs.org/sprintf-js/-/sprintf-js-1.1.2.tgz",
      "integrity": "sha512-VE0SOVEHCk7Qc8ulkWw3ntAzXuqf7S2lvwQaDLRnUeIEaKNQJzV6BwmLKhOqT61aGhfUMrXeaBk+oDGCzvhcug=="
    }
  }
}
